
Microsoft Visual Studio Solution File, Format Version 12.00
# Visual Studio Version 16
VisualStudioVersion = 16.0.29503.13
MinimumVisualStudioVersion = 10.0.40219.1
Project("{FAE04EC0-301F-11D3-BF4B-00C04F79EFBC}") = "JakubFaldaszLab4Zadanie", "JakubFaldaszLab4Zadanie.csproj", "{78EDA761-6369-4B3A-8E5C-BCAF9D2D389E}"
EndProject
Global
	GlobalSection(SolutionConfigurationPlatforms) = preSolution
		Debug|Any CPU = Debug|Any CPU
		Release|Any CPU = Release|Any CPU
	EndGlobalSection
	GlobalSection(ProjectConfigurationPlatforms) = postSolution
		{78EDA761-6369-4B3A-8E5C-BCAF9D2D389E}.Debug|Any CPU.ActiveCfg = Debug|Any CPU
		{78EDA761-6369-4B3A-8E5C-BCAF9D2D389E}.Debug|Any CPU.Build.0 = Debug|Any CPU
		{78EDA761-6369-4B3A-8E5C-BCAF9D2D389E}.Release|Any CPU.ActiveCfg = Release|Any CPU
		{78EDA761-6369-4B3A-8E5C-BCAF9D2D389E}.Release|Any CPU.Build.0 = Release|Any CPU
	EndGlobalSection
	GlobalSection(SolutionProperties) = preSolution
		HideSolutionNode = FALSE
	EndGlobalSection
	GlobalSection(ExtensibilityGlobals) = postSolution
		SolutionGuid = {BC0D041A-F1F5-4F2C-AE43-71C1DF001E02}
	EndGlobalSection
EndGlobal
